
Microsoft Visual Studio Solution File, Format Version 12.00
# Visual Studio Version 17
VisualStudioVersion = 17.3.32825.248
MinimumVisualStudioVersion = 10.0.40219.1
Project("{FAE04EC0-301F-11D3-BF4B-00C04F79EFBC}") = "Sum", "Sum\Sum.csproj", "{56F397CE-FB35-4CC7-A833-E84E23D46D54}"
EndProject
Project("{FAE04EC0-301F-11D3-BF4B-00C04F79EFBC}") = "SimpleLoop", "SimpleLoop\SimpleLoop.csproj", "{6FDA2D2C-76E4-4F76-BD8A-7C372AF6E1D9}"
EndProject
Project("{FAE04EC0-301F-11D3-BF4B-00C04F79EFBC}") = "LoopTest", "LoopTest\LoopTest.csproj", "{E485D9C7-D930-4153-934B-487F54A2013C}"
EndProject
Project("{2150E333-8FDC-42A3-9474-1A3956D46DE8}") = "SimpleLoopUnitTest", "SimpleLoopUnitTest", "{7065401B-0277-4F56-A231-B7C80DF6B9A4}"
EndProject
Project("{2150E333-8FDC-42A3-9474-1A3956D46DE8}") = "MultiLayerCalculator", "MultiLayerCalculator", "{7E0B9E57-C501-4672-A06A-DB97BCBA68DC}"
EndProject
Project("{2150E333-8FDC-42A3-9474-1A3956D46DE8}") = "BL", "BL", "{A71CCFB4-9444-4167-9D61-2E9366909902}"
EndProject
Project("{2150E333-8FDC-42A3-9474-1A3956D46DE8}") = "UI", "UI", "{6C3499F8-ABA8-4B5F-A1D4-4D6B322093C2}"
EndProject
Project("{2150E333-8FDC-42A3-9474-1A3956D46DE8}") = "DataLayer", "DataLayer", "{A0AD8A7B-B738-437C-B8E1-4F930295E6AA}"
EndProject
Project("{FAE04EC0-301F-11D3-BF4B-00C04F79EFBC}") = "CalculatorDataLayer", "CalculatorDataLayer\CalculatorDataLayer.csproj", "{BBAAA639-3567-440B-B4F4-78F9BCB89678}"
EndProject
Project("{FAE04EC0-301F-11D3-BF4B-00C04F79EFBC}") = "CalculatorLibrary", "CalculatorLibrary\CalculatorLibrary.csproj", "{A7DC6F73-2BDF-4830-9C67-26D0228BC31A}"
EndProject
Project("{2150E333-8FDC-42A3-9474-1A3956D46DE8}") = "Testing", "Testing", "{C11D7C98-76C9-49A9-A95C-9A9549B4DD2F}"
EndProject
Project("{FAE04EC0-301F-11D3-BF4B-00C04F79EFBC}") = "CalculatorTest", "CalculatorTest\CalculatorTest.csproj", "{877C8495-F6AA-4DE3-9744-6C0AB0D3BC15}"
EndProject
Project("{FAE04EC0-301F-11D3-BF4B-00C04F79EFBC}") = "Multilayer", "Multilayer\Multilayer.csproj", "{F149091C-96ED-4E1C-BEB1-7032AF26225A}"
EndProject
Project("{2150E333-8FDC-42A3-9474-1A3956D46DE8}") = "Delegates", "Delegates", "{AF19034F-501E-4D09-82A3-7FE708B561DB}"
EndProject
Project("{FAE04EC0-301F-11D3-BF4B-00C04F79EFBC}") = "DelegatesDemo1", "DelegatesDemo1\DelegatesDemo1.csproj", "{BE2021FB-577B-415B-9AA2-4FB13BA4A0C2}"
EndProject
Project("{FAE04EC0-301F-11D3-BF4B-00C04F79EFBC}") = "DelegatesDemo2", "DelegatesDemo2\DelegatesDemo2.csproj", "{B3908F5F-B90A-4602-98A5-C5AADD5D0B54}"
EndProject
Project("{FAE04EC0-301F-11D3-BF4B-00C04F79EFBC}") = "DelegatesDemo3", "DelegatesDemo3\DelegatesDemo3.csproj", "{403A1D42-A9B8-4F01-A43D-068B6B196BB4}"
EndProject
Project("{2150E333-8FDC-42A3-9474-1A3956D46DE8}") = "ExceptionExercise", "ExceptionExercise", "{DA9BC5B7-D579-4836-AF11-EB2D4CD3C5C3}"
EndProject
Project("{FAE04EC0-301F-11D3-BF4B-00C04F79EFBC}") = "ExceptionExe", "ExceptionExe\ExceptionExe.csproj", "{DE666353-F9A0-4EF4-936E-AE090BBCF851}"
EndProject
Project("{FAE04EC0-301F-11D3-BF4B-00C04F79EFBC}") = "DelegateEg1", "DelegateEg1\DelegateEg1.csproj", "{D12A16EF-3800-4AD5-B81D-785E0DFDBC25}"
EndProject
Project("{FAE04EC0-301F-11D3-BF4B-00C04F79EFBC}") = "DelegatesEp2", "DelegatesEp2\DelegatesEp2.csproj", "{2FF99BF1-F347-42B0-AA25-9C2233EDD93C}"
EndProject
Project("{2150E333-8FDC-42A3-9474-1A3956D46DE8}") = "FileIO", "FileIO", "{49D0A2C5-5814-468E-B216-0F178368638F}"
EndProject
Project("{FAE04EC0-301F-11D3-BF4B-00C04F79EFBC}") = "FileIODemo1", "FileIODemo1\FileIODemo1.csproj", "{FBE184B4-3060-49A2-9F9C-966AA3E31EA5}"
EndProject
Global
	GlobalSection(SolutionConfigurationPlatforms) = preSolution
		Debug|Any CPU = Debug|Any CPU
		Release|Any CPU = Release|Any CPU
	EndGlobalSection
	GlobalSection(ProjectConfigurationPlatforms) = postSolution
		{56F397CE-FB35-4CC7-A833-E84E23D46D54}.Debug|Any CPU.ActiveCfg = Debug|Any CPU
		{56F397CE-FB35-4CC7-A833-E84E23D46D54}.Debug|Any CPU.Build.0 = Debug|Any CPU
		{56F397CE-FB35-4CC7-A833-E84E23D46D54}.Release|Any CPU.ActiveCfg = Release|Any CPU
		{56F397CE-FB35-4CC7-A833-E84E23D46D54}.Release|Any CPU.Build.0 = Release|Any CPU
		{6FDA2D2C-76E4-4F76-BD8A-7C372AF6E1D9}.Debug|Any CPU.ActiveCfg = Debug|Any CPU
		{6FDA2D2C-76E4-4F76-BD8A-7C372AF6E1D9}.Debug|Any CPU.Build.0 = Debug|Any CPU
		{6FDA2D2C-76E4-4F76-BD8A-7C372AF6E1D9}.Release|Any CPU.ActiveCfg = Release|Any CPU
		{6FDA2D2C-76E4-4F76-BD8A-7C372AF6E1D9}.Release|Any CPU.Build.0 = Release|Any CPU
		{E485D9C7-D930-4153-934B-487F54A2013C}.Debug|Any CPU.ActiveCfg = Debug|Any CPU
		{E485D9C7-D930-4153-934B-487F54A2013C}.Debug|Any CPU.Build.0 = Debug|Any CPU
		{E485D9C7-D930-4153-934B-487F54A2013C}.Release|Any CPU.ActiveCfg = Release|Any CPU
		{E485D9C7-D930-4153-934B-487F54A2013C}.Release|Any CPU.Build.0 = Release|Any CPU
		{BBAAA639-3567-440B-B4F4-78F9BCB89678}.Debug|Any CPU.ActiveCfg = Debug|Any CPU
		{BBAAA639-3567-440B-B4F4-78F9BCB89678}.Debug|Any CPU.Build.0 = Debug|Any CPU
		{BBAAA639-3567-440B-B4F4-78F9BCB89678}.Release|Any CPU.ActiveCfg = Release|Any CPU
		{BBAAA639-3567-440B-B4F4-78F9BCB89678}.Release|Any CPU.Build.0 = Release|Any CPU
		{A7DC6F73-2BDF-4830-9C67-26D0228BC31A}.Debug|Any CPU.ActiveCfg = Debug|Any CPU
		{A7DC6F73-2BDF-4830-9C67-26D0228BC31A}.Debug|Any CPU.Build.0 = Debug|Any CPU
		{A7DC6F73-2BDF-4830-9C67-26D0228BC31A}.Release|Any CPU.ActiveCfg = Release|Any CPU
		{A7DC6F73-2BDF-4830-9C67-26D0228BC31A}.Release|Any CPU.Build.0 = Release|Any CPU
		{877C8495-F6AA-4DE3-9744-6C0AB0D3BC15}.Debug|Any CPU.ActiveCfg = Debug|Any CPU
		{877C8495-F6AA-4DE3-9744-6C0AB0D3BC15}.Debug|Any CPU.Build.0 = Debug|Any CPU
		{877C8495-F6AA-4DE3-9744-6C0AB0D3BC15}.Release|Any CPU.ActiveCfg = Release|Any CPU
		{877C8495-F6AA-4DE3-9744-6C0AB0D3BC15}.Release|Any CPU.Build.0 = Release|Any CPU
		{F149091C-96ED-4E1C-BEB1-7032AF26225A}.Debug|Any CPU.ActiveCfg = Debug|Any CPU
		{F149091C-96ED-4E1C-BEB1-7032AF26225A}.Debug|Any CPU.Build.0 = Debug|Any CPU
		{F149091C-96ED-4E1C-BEB1-7032AF26225A}.Release|Any CPU.ActiveCfg = Release|Any CPU
		{F149091C-96ED-4E1C-BEB1-7032AF26225A}.Release|Any CPU.Build.0 = Release|Any CPU
		{BE2021FB-577B-415B-9AA2-4FB13BA4A0C2}.Debug|Any CPU.ActiveCfg = Debug|Any CPU
		{BE2021FB-577B-415B-9AA2-4FB13BA4A0C2}.Debug|Any CPU.Build.0 = Debug|Any CPU
		{BE2021FB-577B-415B-9AA2-4FB13BA4A0C2}.Release|Any CPU.ActiveCfg = Release|Any CPU
		{BE2021FB-577B-415B-9AA2-4FB13BA4A0C2}.Release|Any CPU.Build.0 = Release|Any CPU
		{B3908F5F-B90A-4602-98A5-C5AADD5D0B54}.Debug|Any CPU.ActiveCfg = Debug|Any CPU
		{B3908F5F-B90A-4602-98A5-C5AADD5D0B54}.Debug|Any CPU.Build.0 = Debug|Any CPU
		{B3908F5F-B90A-4602-98A5-C5AADD5D0B54}.Release|Any CPU.ActiveCfg = Release|Any CPU
		{B3908F5F-B90A-4602-98A5-C5AADD5D0B54}.Release|Any CPU.Build.0 = Release|Any CPU
		{403A1D42-A9B8-4F01-A43D-068B6B196BB4}.Debug|Any CPU.ActiveCfg = Debug|Any CPU
		{403A1D42-A9B8-4F01-A43D-068B6B196BB4}.Debug|Any CPU.Build.0 = Debug|Any CPU
		{403A1D42-A9B8-4F01-A43D-068B6B196BB4}.Release|Any CPU.ActiveCfg = Release|Any CPU
		{403A1D42-A9B8-4F01-A43D-068B6B196BB4}.Release|Any CPU.Build.0 = Release|Any CPU
		{DE666353-F9A0-4EF4-936E-AE090BBCF851}.Debug|Any CPU.ActiveCfg = Debug|Any CPU
		{DE666353-F9A0-4EF4-936E-AE090BBCF851}.Debug|Any CPU.Build.0 = Debug|Any CPU
		{DE666353-F9A0-4EF4-936E-AE090BBCF851}.Release|Any CPU.ActiveCfg = Release|Any CPU
		{DE666353-F9A0-4EF4-936E-AE090BBCF851}.Release|Any CPU.Build.0 = Release|Any CPU
		{D12A16EF-3800-4AD5-B81D-785E0DFDBC25}.Debug|Any CPU.ActiveCfg = Debug|Any CPU
		{D12A16EF-3800-4AD5-B81D-785E0DFDBC25}.Debug|Any CPU.Build.0 = Debug|Any CPU
		{D12A16EF-3800-4AD5-B81D-785E0DFDBC25}.Release|Any CPU.ActiveCfg = Release|Any CPU
		{D12A16EF-3800-4AD5-B81D-785E0DFDBC25}.Release|Any CPU.Build.0 = Release|Any CPU
		{2FF99BF1-F347-42B0-AA25-9C2233EDD93C}.Debug|Any CPU.ActiveCfg = Debug|Any CPU
		{2FF99BF1-F347-42B0-AA25-9C2233EDD93C}.Debug|Any CPU.Build.0 = Debug|Any CPU
		{2FF99BF1-F347-42B0-AA25-9C2233EDD93C}.Release|Any CPU.ActiveCfg = Release|Any CPU
		{2FF99BF1-F347-42B0-AA25-9C2233EDD93C}.Release|Any CPU.Build.0 = Release|Any CPU
		{FBE184B4-3060-49A2-9F9C-966AA3E31EA5}.Debug|Any CPU.ActiveCfg = Debug|Any CPU
		{FBE184B4-3060-49A2-9F9C-966AA3E31EA5}.Debug|Any CPU.Build.0 = Debug|Any CPU
		{FBE184B4-3060-49A2-9F9C-966AA3E31EA5}.Release|Any CPU.ActiveCfg = Release|Any CPU
		{FBE184B4-3060-49A2-9F9C-966AA3E31EA5}.Release|Any CPU.Build.0 = Release|Any CPU
	EndGlobalSection
	GlobalSection(SolutionProperties) = preSolution
		HideSolutionNode = FALSE
	EndGlobalSection
	GlobalSection(NestedProjects) = preSolution
		{56F397CE-FB35-4CC7-A833-E84E23D46D54} = {7065401B-0277-4F56-A231-B7C80DF6B9A4}
		{6FDA2D2C-76E4-4F76-BD8A-7C372AF6E1D9} = {7065401B-0277-4F56-A231-B7C80DF6B9A4}
		{E485D9C7-D930-4153-934B-487F54A2013C} = {7065401B-0277-4F56-A231-B7C80DF6B9A4}
		{A71CCFB4-9444-4167-9D61-2E9366909902} = {7E0B9E57-C501-4672-A06A-DB97BCBA68DC}
		{6C3499F8-ABA8-4B5F-A1D4-4D6B322093C2} = {7E0B9E57-C501-4672-A06A-DB97BCBA68DC}
		{A0AD8A7B-B738-437C-B8E1-4F930295E6AA} = {7E0B9E57-C501-4672-A06A-DB97BCBA68DC}
		{BBAAA639-3567-440B-B4F4-78F9BCB89678} = {A0AD8A7B-B738-437C-B8E1-4F930295E6AA}
		{A7DC6F73-2BDF-4830-9C67-26D0228BC31A} = {A71CCFB4-9444-4167-9D61-2E9366909902}
		{C11D7C98-76C9-49A9-A95C-9A9549B4DD2F} = {7E0B9E57-C501-4672-A06A-DB97BCBA68DC}
		{877C8495-F6AA-4DE3-9744-6C0AB0D3BC15} = {C11D7C98-76C9-49A9-A95C-9A9549B4DD2F}
		{F149091C-96ED-4E1C-BEB1-7032AF26225A} = {6C3499F8-ABA8-4B5F-A1D4-4D6B322093C2}
		{BE2021FB-577B-415B-9AA2-4FB13BA4A0C2} = {AF19034F-501E-4D09-82A3-7FE708B561DB}
		{B3908F5F-B90A-4602-98A5-C5AADD5D0B54} = {AF19034F-501E-4D09-82A3-7FE708B561DB}
		{403A1D42-A9B8-4F01-A43D-068B6B196BB4} = {AF19034F-501E-4D09-82A3-7FE708B561DB}
		{DE666353-F9A0-4EF4-936E-AE090BBCF851} = {DA9BC5B7-D579-4836-AF11-EB2D4CD3C5C3}
		{D12A16EF-3800-4AD5-B81D-785E0DFDBC25} = {AF19034F-501E-4D09-82A3-7FE708B561DB}
		{2FF99BF1-F347-42B0-AA25-9C2233EDD93C} = {AF19034F-501E-4D09-82A3-7FE708B561DB}
		{FBE184B4-3060-49A2-9F9C-966AA3E31EA5} = {49D0A2C5-5814-468E-B216-0F178368638F}
	EndGlobalSection
	GlobalSection(ExtensibilityGlobals) = postSolution
		SolutionGuid = {9493A702-8A59-471C-96BA-F20D35828235}
	EndGlobalSection
EndGlobal
